<?xml version="1.0" encoding="utf-8"?>
<Project ToolsVersion="4.0" xmlns="http://schemas.microsoft.com/developer/msbuild/2003">
  <ItemGroup>
    <Filter Include="Source Files">
      <UniqueIdentifier>{4FC737F1-C7A5-4376-A066-2A32D752A2FF}</UniqueIdentifier>
      <Extensions>cpp;c;cc;cxx;c++;cppm;ixx;def;odl;idl;hpj;bat;asm;asmx</Extensions>
    </Filter>
    <Filter Include="Header Files">
      <UniqueIdentifier>{93995380-89BD-4b04-88EB-625FBE52EBFB}</UniqueIdentifier>
      <Extensions>h;hh;hpp;hxx;h++;hm;inl;inc;ipp;xsd</Extensions>
    </Filter>
    <Filter Include="Resource Files">
      <UniqueIdentifier>{67DA6AB6-F800-4c08-8B7A-83BB121AAD01}</UniqueIdentifier>
      <Extensions>rc;ico;cur;bmp;dlg;rc2;rct;bin;rgs;gif;jpg;jpeg;jpe;resx;tiff;tif;png;wav;mfcribbon-ms</Extensions>
    </Filter>
    <Filter Include="Header Files\Devices">
      <UniqueIdentifier>{21f19444-e625-4021-9aad-1ba9373d2b5d}</UniqueIdentifier>
    </Filter>
    <Filter Include="Header Files\Users">
      <UniqueIdentifier>{18ee2dc1-e225-4307-9db6-85c7ca1c87dc}</UniqueIdentifier>
    </Filter>
    <Filter Include="Header Files\modifyForms">
      <UniqueIdentifier>{64d30062-b878-403b-9b7c-d4e61e95acaf}</UniqueIdentifier>
    </Filter>
  </ItemGroup>
  <ItemGroup>
    <ClCompile Include="MyForm.cpp">
      <Filter>Source Files</Filter>
    </ClCompile>
    <ClCompile Include="HomePage.cpp">
      <Filter>Source Files</Filter>
    </ClCompile>
    <ClCompile Include="Device.cpp">
      <Filter>Source Files</Filter>
    </ClCompile>
    <ClCompile Include="Bulbs.cpp">
      <Filter>Source Files</Filter>
    </ClCompile>
    <ClCompile Include="Thermostats.cpp">
      <Filter>Source Files</Filter>
    </ClCompile>
    <ClCompile Include="SurveillanceSystem.cpp">
      <Filter>Source Files</Filter>
    </ClCompile>
    <ClCompile Include="User.cpp">
      <Filter>Source Files</Filter>
    </ClCompile>
    <ClCompile Include="account.cpp">
      <Filter>Source Files</Filter>
    </ClCompile>
    <ClCompile Include="modifyBulb.cpp">
      <Filter>Source Files</Filter>
    </ClCompile>
    <ClCompile Include="modifyThermostat.cpp">
      <Filter>Source Files</Filter>
    </ClCompile>
    <ClCompile Include="modifySurvSis.cpp">
      <Filter>Source Files</Filter>
    </ClCompile>
    <ClCompile Include="Info.cpp">
      <Filter>Source Files</Filter>
    </ClCompile>
    <ClCompile Include="AesEncryption.cpp">
      <Filter>Source Files</Filter>
    </ClCompile>
    <ClCompile Include="Loger.cpp">
      <Filter>Source Files</Filter>
    </ClCompile>
    <ClCompile Include="ServerIO.cpp">
      <Filter>Source Files</Filter>
    </ClCompile>
  </ItemGroup>
  <ItemGroup>
    <ClInclude Include="MyForm.h">
      <Filter>Header Files</Filter>
    </ClInclude>
    <ClInclude Include="HomePage.h">
      <Filter>Header Files</Filter>
    </ClInclude>
    <ClInclude Include="Device.h">
      <Filter>Header Files\Devices</Filter>
    </ClInclude>
    <ClInclude Include="Bulbs.h">
      <Filter>Header Files\Devices</Filter>
    </ClInclude>
    <ClInclude Include="FactoryDevice.h">
      <Filter>Header Files\Devices</Filter>
    </ClInclude>
    <ClInclude Include="Thermostats.h">
      <Filter>Header Files\Devices</Filter>
    </ClInclude>
    <ClInclude Include="User.h">
      <Filter>Header Files\Users</Filter>
    </ClInclude>
    <ClInclude Include="account.h">
      <Filter>Header Files</Filter>
    </ClInclude>
    <ClInclude Include="modifyBulb.h">
      <Filter>Header Files\modifyForms</Filter>
    </ClInclude>
    <ClInclude Include="modifyThermostat.h">
      <Filter>Header Files\modifyForms</Filter>
    </ClInclude>
    <ClInclude Include="modifySurvSis.h">
      <Filter>Header Files\modifyForms</Filter>
    </ClInclude>
    <ClInclude Include="Info.h">
      <Filter>Header Files\modifyForms</Filter>
    </ClInclude>
    <ClInclude Include="SurveillanceSystem.h">
      <Filter>Header Files\Devices</Filter>
    </ClInclude>
    <ClInclude Include="AesEncryption.h">
      <Filter>Header Files</Filter>
    </ClInclude>
    <ClInclude Include="Loger.h">
      <Filter>Header Files</Filter>
    </ClInclude>
    <ClInclude Include="ServerIO.h">
      <Filter>Header Files</Filter>
    </ClInclude>
  </ItemGroup>
  <ItemGroup>
    <Text Include="log.log">
      <Filter>Resource Files</Filter>
    </Text>
  </ItemGroup>
</Project>